
Microsoft Visual Studio Solution File, Format Version 12.00
# Visual Studio Version 16
VisualStudioVersion = 16.0.31205.134
MinimumVisualStudioVersion = 10.0.40219.1
Project("{9A19103F-16F7-4668-BE54-9A1E7A4F7556}") = "A. Cards", "A. Cards\A. Cards.csproj", "{35C1E423-6827-4D5A-8FBB-D4066286EB9C}"
EndProject
Project("{9A19103F-16F7-4668-BE54-9A1E7A4F7556}") = "A. Is it rated", "A. Is it rated\A. Is it rated.csproj", "{B6F68D41-D7F6-4EB2-9F3B-698E728E4C5F}"
EndProject
Project("{9A19103F-16F7-4668-BE54-9A1E7A4F7556}") = "A. Boy or Girl", "A. Boy or Girl\A. Boy or Girl.csproj", "{0FC80B28-9436-4603-8E90-0548DC48C5F1}"
EndProject
Project("{9A19103F-16F7-4668-BE54-9A1E7A4F7556}") = "A. String Task", "A. String Task\A. String Task.csproj", "{2495574F-3E5A-4A19-BE04-097DED0D0BAB}"
EndProject
Project("{9A19103F-16F7-4668-BE54-9A1E7A4F7556}") = "A. Stones on the Table", "A. Stones on the Table\A. Stones on the Table.csproj", "{9D65A942-7C2C-4E84-BED5-783AA53AFB28}"
EndProject
Project("{9A19103F-16F7-4668-BE54-9A1E7A4F7556}") = "A. Petya and Strings", "A. Petya and Strings\A. Petya and Strings.csproj", "{FAA2FCD6-737E-48D0-81E3-3285268FA809}"
EndProject
Project("{9A19103F-16F7-4668-BE54-9A1E7A4F7556}") = "A. Bit++", "A. Bit++\A. Bit++.csproj", "{59AF769E-FAB8-4C78-AAC9-377A16BB5C76}"
EndProject
Project("{9A19103F-16F7-4668-BE54-9A1E7A4F7556}") = "A. Word Capitalization", "A. Word Capitalization\A. Word Capitalization.csproj", "{D0676DCE-EBAC-4CAE-B312-A06EB17F7205}"
EndProject
Project("{9A19103F-16F7-4668-BE54-9A1E7A4F7556}") = "A. Bear and Big Brother", "A. Bear and Big Brother\A. Bear and Big Brother.csproj", "{CD4788BC-85DD-4A4C-A1ED-64256F6FEB1C}"
EndProject
Project("{FAE04EC0-301F-11D3-BF4B-00C04F79EFBC}") = "A. Beautiful Matrix", "A. Beautiful Matrix\A. Beautiful Matrix.csproj", "{66B109BA-44BC-4FC3-9026-46902B61D3A4}"
EndProject
Global
	GlobalSection(SolutionConfigurationPlatforms) = preSolution
		Debug|Any CPU = Debug|Any CPU
		Release|Any CPU = Release|Any CPU
	EndGlobalSection
	GlobalSection(ProjectConfigurationPlatforms) = postSolution
		{35C1E423-6827-4D5A-8FBB-D4066286EB9C}.Debug|Any CPU.ActiveCfg = Debug|Any CPU
		{35C1E423-6827-4D5A-8FBB-D4066286EB9C}.Debug|Any CPU.Build.0 = Debug|Any CPU
		{35C1E423-6827-4D5A-8FBB-D4066286EB9C}.Release|Any CPU.ActiveCfg = Release|Any CPU
		{35C1E423-6827-4D5A-8FBB-D4066286EB9C}.Release|Any CPU.Build.0 = Release|Any CPU
		{B6F68D41-D7F6-4EB2-9F3B-698E728E4C5F}.Debug|Any CPU.ActiveCfg = Debug|Any CPU
		{B6F68D41-D7F6-4EB2-9F3B-698E728E4C5F}.Debug|Any CPU.Build.0 = Debug|Any CPU
		{B6F68D41-D7F6-4EB2-9F3B-698E728E4C5F}.Release|Any CPU.ActiveCfg = Release|Any CPU
		{B6F68D41-D7F6-4EB2-9F3B-698E728E4C5F}.Release|Any CPU.Build.0 = Release|Any CPU
		{0FC80B28-9436-4603-8E90-0548DC48C5F1}.Debug|Any CPU.ActiveCfg = Debug|Any CPU
		{0FC80B28-9436-4603-8E90-0548DC48C5F1}.Debug|Any CPU.Build.0 = Debug|Any CPU
		{0FC80B28-9436-4603-8E90-0548DC48C5F1}.Release|Any CPU.ActiveCfg = Release|Any CPU
		{0FC80B28-9436-4603-8E90-0548DC48C5F1}.Release|Any CPU.Build.0 = Release|Any CPU
		{2495574F-3E5A-4A19-BE04-097DED0D0BAB}.Debug|Any CPU.ActiveCfg = Debug|Any CPU
		{2495574F-3E5A-4A19-BE04-097DED0D0BAB}.Debug|Any CPU.Build.0 = Debug|Any CPU
		{2495574F-3E5A-4A19-BE04-097DED0D0BAB}.Release|Any CPU.ActiveCfg = Release|Any CPU
		{2495574F-3E5A-4A19-BE04-097DED0D0BAB}.Release|Any CPU.Build.0 = Release|Any CPU
		{9D65A942-7C2C-4E84-BED5-783AA53AFB28}.Debug|Any CPU.ActiveCfg = Debug|Any CPU
		{9D65A942-7C2C-4E84-BED5-783AA53AFB28}.Debug|Any CPU.Build.0 = Debug|Any CPU
		{9D65A942-7C2C-4E84-BED5-783AA53AFB28}.Release|Any CPU.ActiveCfg = Release|Any CPU
		{9D65A942-7C2C-4E84-BED5-783AA53AFB28}.Release|Any CPU.Build.0 = Release|Any CPU
		{FAA2FCD6-737E-48D0-81E3-3285268FA809}.Debug|Any CPU.ActiveCfg = Debug|Any CPU
		{FAA2FCD6-737E-48D0-81E3-3285268FA809}.Debug|Any CPU.Build.0 = Debug|Any CPU
		{FAA2FCD6-737E-48D0-81E3-3285268FA809}.Release|Any CPU.ActiveCfg = Release|Any CPU
		{FAA2FCD6-737E-48D0-81E3-3285268FA809}.Release|Any CPU.Build.0 = Release|Any CPU
		{59AF769E-FAB8-4C78-AAC9-377A16BB5C76}.Debug|Any CPU.ActiveCfg = Debug|Any CPU
		{59AF769E-FAB8-4C78-AAC9-377A16BB5C76}.Debug|Any CPU.Build.0 = Debug|Any CPU
		{59AF769E-FAB8-4C78-AAC9-377A16BB5C76}.Release|Any CPU.ActiveCfg = Release|Any CPU
		{59AF769E-FAB8-4C78-AAC9-377A16BB5C76}.Release|Any CPU.Build.0 = Release|Any CPU
		{D0676DCE-EBAC-4CAE-B312-A06EB17F7205}.Debug|Any CPU.ActiveCfg = Debug|Any CPU
		{D0676DCE-EBAC-4CAE-B312-A06EB17F7205}.Debug|Any CPU.Build.0 = Debug|Any CPU
		{D0676DCE-EBAC-4CAE-B312-A06EB17F7205}.Release|Any CPU.ActiveCfg = Release|Any CPU
		{D0676DCE-EBAC-4CAE-B312-A06EB17F7205}.Release|Any CPU.Build.0 = Release|Any CPU
		{CD4788BC-85DD-4A4C-A1ED-64256F6FEB1C}.Debug|Any CPU.ActiveCfg = Debug|Any CPU
		{CD4788BC-85DD-4A4C-A1ED-64256F6FEB1C}.Debug|Any CPU.Build.0 = Debug|Any CPU
		{CD4788BC-85DD-4A4C-A1ED-64256F6FEB1C}.Release|Any CPU.ActiveCfg = Release|Any CPU
		{CD4788BC-85DD-4A4C-A1ED-64256F6FEB1C}.Release|Any CPU.Build.0 = Release|Any CPU
		{66B109BA-44BC-4FC3-9026-46902B61D3A4}.Debug|Any CPU.ActiveCfg = Debug|Any CPU
		{66B109BA-44BC-4FC3-9026-46902B61D3A4}.Debug|Any CPU.Build.0 = Debug|Any CPU
		{66B109BA-44BC-4FC3-9026-46902B61D3A4}.Release|Any CPU.ActiveCfg = Release|Any CPU
		{66B109BA-44BC-4FC3-9026-46902B61D3A4}.Release|Any CPU.Build.0 = Release|Any CPU
	EndGlobalSection
	GlobalSection(SolutionProperties) = preSolution
		HideSolutionNode = FALSE
	EndGlobalSection
	GlobalSection(ExtensibilityGlobals) = postSolution
		SolutionGuid = {3A09873A-8362-44E6-A222-E4042B4FFAA1}
	EndGlobalSection
EndGlobal
