
Microsoft Visual Studio Solution File, Format Version 12.00
# Visual Studio Version 16
VisualStudioVersion = 16.0.31205.134
MinimumVisualStudioVersion = 10.0.40219.1
Project("{9A19103F-16F7-4668-BE54-9A1E7A4F7556}") = "A. Cards", "A. Cards\A. Cards.csproj", "{35C1E423-6827-4D5A-8FBB-D4066286EB9C}"
EndProject
Project("{9A19103F-16F7-4668-BE54-9A1E7A4F7556}") = "A. Is it rated", "A. Is it rated\A. Is it rated.csproj", "{B6F68D41-D7F6-4EB2-9F3B-698E728E4C5F}"
EndProject
Project("{9A19103F-16F7-4668-BE54-9A1E7A4F7556}") = "A. Boy or Girl", "A. Boy or Girl\A. Boy or Girl.csproj", "{0FC80B28-9436-4603-8E90-0548DC48C5F1}"
EndProject
Project("{9A19103F-16F7-4668-BE54-9A1E7A4F7556}") = "A. String Task", "A. String Task\A. String Task.csproj", "{2495574F-3E5A-4A19-BE04-097DED0D0BAB}"
EndProject
Project("{9A19103F-16F7-4668-BE54-9A1E7A4F7556}") = "A. Stones on the Table", "A. Stones on the Table\A. Stones on the Table.csproj", "{9D65A942-7C2C-4E84-BED5-783AA53AFB28}"
EndProject
Project("{9A19103F-16F7-4668-BE54-9A1E7A4F7556}") = "A. Petya and Strings", "A. Petya and Strings\A. Petya and Strings.csproj", "{FAA2FCD6-737E-48D0-81E3-3285268FA809}"
EndProject
Project("{9A19103F-16F7-4668-BE54-9A1E7A4F7556}") = "A. Bit++", "A. Bit++\A. Bit++.csproj", "{59AF769E-FAB8-4C78-AAC9-377A16BB5C76}"
EndProject
Project("{9A19103F-16F7-4668-BE54-9A1E7A4F7556}") = "A. Word Capitalization", "A. Word Capitalization\A. Word Capitalization.csproj", "{D0676DCE-EBAC-4CAE-B312-A06EB17F7205}"
EndProject
Project("{9A19103F-16F7-4668-BE54-9A1E7A4F7556}") = "A. Bear and Big Brother", "A. Bear and Big Brother\A. Bear and Big Brother.csproj", "{CD4788BC-85DD-4A4C-A1ED-64256F6FEB1C}"
EndProject
Project("{9A19103F-16F7-4668-BE54-9A1E7A4F7556}") = "A. Beautiful Matrix", "A. Beautiful Matrix\A. Beautiful Matrix.csproj", "{66B109BA-44BC-4FC3-9026-46902B61D3A4}"
EndProject
Project("{9A19103F-16F7-4668-BE54-9A1E7A4F7556}") = "A. Football", "A. Football\A. Football.csproj", "{38F4F20F-3C7D-4CB8-B627-E1C5D7EFA5BE}"
EndProject
Project("{9A19103F-16F7-4668-BE54-9A1E7A4F7556}") = "A. Tram", "A. Tram\A. Tram.csproj", "{4260AF26-886C-4C29-8BF3-34BD07256D9D}"
EndProject
Project("{9A19103F-16F7-4668-BE54-9A1E7A4F7556}") = "A. Ultra-Fast Mathematician", "A. Ultra-Fast Mathematician\A. Ultra-Fast Mathematician.csproj", "{E64626DD-225E-4C9A-A17B-33D9EC10159C}"
EndProject
Project("{9A19103F-16F7-4668-BE54-9A1E7A4F7556}") = "A. Elephant", "A. Elephant\A. Elephant.csproj", "{3BA09C9F-80F3-40E9-841D-2FE36E70DE88}"
EndProject
Project("{9A19103F-16F7-4668-BE54-9A1E7A4F7556}") = "A. Vanya and Fence", "A. Vanya and Fence\A. Vanya and Fence.csproj", "{F052D1A2-25B0-4117-9FB2-3CEABAA72CAF}"
EndProject
Project("{9A19103F-16F7-4668-BE54-9A1E7A4F7556}") = "A. Wrong Subtraction", "A. Wrong Subtraction\A. Wrong Subtraction.csproj", "{292A1B5C-6E59-4E30-97B3-1F9E91D90AF9}"
EndProject
Project("{9A19103F-16F7-4668-BE54-9A1E7A4F7556}") = "A. Young Physicist", "A. Young Physicist\A. Young Physicist.csproj", "{56488752-B758-40BA-B3B1-46E114E2E5AE}"
EndProject
Project("{9A19103F-16F7-4668-BE54-9A1E7A4F7556}") = "A. Word", "A. Word\A. Word.csproj", "{FC9F9863-A856-42F3-B340-2C5DFFF30BA7}"
EndProject
Project("{9A19103F-16F7-4668-BE54-9A1E7A4F7556}") = "A. Nearly Lucky Number", "A. Nearly Lucky Number\A. Nearly Lucky Number.csproj", "{FA9D91B4-9C4E-4A66-8FE4-24288D9797FF}"
EndProject
Project("{9A19103F-16F7-4668-BE54-9A1E7A4F7556}") = "A. HQ9+", "A. HQ9+\A. HQ9+.csproj", "{BB6E00BB-54A1-45FD-AED3-BE39EE8EC2AC}"
EndProject
Project("{9A19103F-16F7-4668-BE54-9A1E7A4F7556}") = "A. Even Odds", "A. Even Odds\A. Even Odds.csproj", "{3F776648-EE5F-406F-B64D-D9B0A535CD65}"
EndProject
Project("{9A19103F-16F7-4668-BE54-9A1E7A4F7556}") = "A. Soldier and Bananas", "A. Soldier and Bananas\A. Soldier and Bananas.csproj", "{127DA3C0-85D3-4E90-887D-EF68B4D3F9B3}"
EndProject
Project("{9A19103F-16F7-4668-BE54-9A1E7A4F7556}") = "A. Chat room", "A. Chat room\A. Chat room.csproj", "{7EC6842E-4D85-40B7-A9D7-3564624DD3C3}"
EndProject
Project("{9A19103F-16F7-4668-BE54-9A1E7A4F7556}") = "A. Translation", "A. Translation\A. Translation.csproj", "{2A8A8DC1-803F-479E-97D7-DAFE361D975F}"
EndProject
Project("{9A19103F-16F7-4668-BE54-9A1E7A4F7556}") = "A. Twins", "A. Twins\A. Twins.csproj", "{00728CFA-B9BC-4A65-A17D-5CE1F5883BFC}"
EndProject
Project("{9A19103F-16F7-4668-BE54-9A1E7A4F7556}") = "A. Lucky Division", "A. Lucky Division\A. Lucky Division.csproj", "{FC333896-BDB2-4D8B-9146-81788B886C8F}"
EndProject
Project("{9A19103F-16F7-4668-BE54-9A1E7A4F7556}") = "A. Theatre Square", "A. Theatre Square\A. Theatre Square.csproj", "{4483A100-90DF-4A31-A605-DC3AFEAC8274}"
EndProject
Project("{9A19103F-16F7-4668-BE54-9A1E7A4F7556}") = "A. Team", "A. Team\A. Team.csproj", "{59854803-02F7-4FCB-8556-2D18FAE74D73}"
EndProject
Project("{9A19103F-16F7-4668-BE54-9A1E7A4F7556}") = "A. Next Round", "A. Next Round\A. Next Round.csproj", "{6580DAD1-2930-41B5-BE27-3BF33C4727C9}"
EndProject
Project("{9A19103F-16F7-4668-BE54-9A1E7A4F7556}") = "A. Domino piling", "A. Domino piling\A. Domino piling.csproj", "{E523C15F-E65D-4CBD-B166-F10C7D44F142}"
EndProject
Project("{9A19103F-16F7-4668-BE54-9A1E7A4F7556}") = "A. Helpful Maths", "A. Helpful Maths\A. Helpful Maths.csproj", "{69BF7B96-23C0-4E82-A476-57431621094C}"
EndProject
Project("{9A19103F-16F7-4668-BE54-9A1E7A4F7556}") = "A. Beautiful Year", "A. Beautiful Year\A. Beautiful Year.csproj", "{7DE2B7AB-5EE6-40CD-A8E2-84DEE72402EC}"
EndProject
Project("{9A19103F-16F7-4668-BE54-9A1E7A4F7556}") = "B. Drinks", "B. Drinks\B. Drinks.csproj", "{2B27F9C5-9E0B-4331-B06B-834A9CFD6396}"
EndProject
Project("{9A19103F-16F7-4668-BE54-9A1E7A4F7556}") = "A. Anton and Danik", "A. Anton and Danik\A. Anton and Danik.csproj", "{13275C0F-AD39-440A-9265-913035C45AE9}"
EndProject
Project("{9A19103F-16F7-4668-BE54-9A1E7A4F7556}") = "B. Queue at the School", "B. Queue at the School\B. Queue at the School.csproj", "{45952617-DB39-46B0-B690-E65DFBDF6C88}"
EndProject
Project("{9A19103F-16F7-4668-BE54-9A1E7A4F7556}") = "A. George and Accommodation", "A. George and Accommodation\A. George and Accommodation.csproj", "{A2B94E71-5271-4951-B034-BC7B50C0258B}"
EndProject
Project("{9A19103F-16F7-4668-BE54-9A1E7A4F7556}") = "A. Hulk", "A. Hulk\A. Hulk.csproj", "{53EA3471-703D-4051-BD8F-17604861C9A9}"
EndProject
Project("{9A19103F-16F7-4668-BE54-9A1E7A4F7556}") = "A. Presents", "A. Presents\A. Presents.csproj", "{61FB2F97-5818-49C3-B12A-660B4B97D0E1}"
EndProject
Project("{9A19103F-16F7-4668-BE54-9A1E7A4F7556}") = "A. Magnets", "A. Magnets\A. Magnets.csproj", "{84994B13-452D-436A-8530-91928417683B}"
EndProject
Project("{9A19103F-16F7-4668-BE54-9A1E7A4F7556}") = "A. In Search of an Easy Problem", "A. In Search of an Easy Problem\A. In Search of an Easy Problem.csproj", "{FEF56BB8-6676-4C60-AEAF-666EED8CE258}"
EndProject
Project("{9A19103F-16F7-4668-BE54-9A1E7A4F7556}") = "B. Taxi", "B. Taxi\B. Taxi.csproj", "{6C3D1833-1EB0-48F0-9523-10689706BF6D}"
EndProject
Project("{FAE04EC0-301F-11D3-BF4B-00C04F79EFBC}") = "B. Seating On Bus", "B. Seating On Bus\B. Seating On Bus.csproj", "{9FBC8AE2-6D05-4ABE-AFA1-A5A40DEDF2AF}"
EndProject
Project("{FAE04EC0-301F-11D3-BF4B-00C04F79EFBC}") = "A. Football 2", "A. Football 2\A. Football 2.csproj", "{96F35DE4-D740-416D-A02E-26D3011D84AD}"
EndProject
Project("{FAE04EC0-301F-11D3-BF4B-00C04F79EFBC}") = "A. Comparing Two Long Integers", "A. Comparing Two Long Integers\A. Comparing Two Long Integers.csproj", "{70BC14FA-88AB-40CB-BA5E-F5D395252457}"
EndProject
Global
	GlobalSection(SolutionConfigurationPlatforms) = preSolution
		Debug|Any CPU = Debug|Any CPU
		Release|Any CPU = Release|Any CPU
	EndGlobalSection
	GlobalSection(ProjectConfigurationPlatforms) = postSolution
		{35C1E423-6827-4D5A-8FBB-D4066286EB9C}.Debug|Any CPU.ActiveCfg = Debug|Any CPU
		{35C1E423-6827-4D5A-8FBB-D4066286EB9C}.Debug|Any CPU.Build.0 = Debug|Any CPU
		{35C1E423-6827-4D5A-8FBB-D4066286EB9C}.Release|Any CPU.ActiveCfg = Release|Any CPU
		{35C1E423-6827-4D5A-8FBB-D4066286EB9C}.Release|Any CPU.Build.0 = Release|Any CPU
		{B6F68D41-D7F6-4EB2-9F3B-698E728E4C5F}.Debug|Any CPU.ActiveCfg = Debug|Any CPU
		{B6F68D41-D7F6-4EB2-9F3B-698E728E4C5F}.Debug|Any CPU.Build.0 = Debug|Any CPU
		{B6F68D41-D7F6-4EB2-9F3B-698E728E4C5F}.Release|Any CPU.ActiveCfg = Release|Any CPU
		{B6F68D41-D7F6-4EB2-9F3B-698E728E4C5F}.Release|Any CPU.Build.0 = Release|Any CPU
		{0FC80B28-9436-4603-8E90-0548DC48C5F1}.Debug|Any CPU.ActiveCfg = Debug|Any CPU
		{0FC80B28-9436-4603-8E90-0548DC48C5F1}.Debug|Any CPU.Build.0 = Debug|Any CPU
		{0FC80B28-9436-4603-8E90-0548DC48C5F1}.Release|Any CPU.ActiveCfg = Release|Any CPU
		{0FC80B28-9436-4603-8E90-0548DC48C5F1}.Release|Any CPU.Build.0 = Release|Any CPU
		{2495574F-3E5A-4A19-BE04-097DED0D0BAB}.Debug|Any CPU.ActiveCfg = Debug|Any CPU
		{2495574F-3E5A-4A19-BE04-097DED0D0BAB}.Debug|Any CPU.Build.0 = Debug|Any CPU
		{2495574F-3E5A-4A19-BE04-097DED0D0BAB}.Release|Any CPU.ActiveCfg = Release|Any CPU
		{2495574F-3E5A-4A19-BE04-097DED0D0BAB}.Release|Any CPU.Build.0 = Release|Any CPU
		{9D65A942-7C2C-4E84-BED5-783AA53AFB28}.Debug|Any CPU.ActiveCfg = Debug|Any CPU
		{9D65A942-7C2C-4E84-BED5-783AA53AFB28}.Debug|Any CPU.Build.0 = Debug|Any CPU
		{9D65A942-7C2C-4E84-BED5-783AA53AFB28}.Release|Any CPU.ActiveCfg = Release|Any CPU
		{9D65A942-7C2C-4E84-BED5-783AA53AFB28}.Release|Any CPU.Build.0 = Release|Any CPU
		{FAA2FCD6-737E-48D0-81E3-3285268FA809}.Debug|Any CPU.ActiveCfg = Debug|Any CPU
		{FAA2FCD6-737E-48D0-81E3-3285268FA809}.Debug|Any CPU.Build.0 = Debug|Any CPU
		{FAA2FCD6-737E-48D0-81E3-3285268FA809}.Release|Any CPU.ActiveCfg = Release|Any CPU
		{FAA2FCD6-737E-48D0-81E3-3285268FA809}.Release|Any CPU.Build.0 = Release|Any CPU
		{59AF769E-FAB8-4C78-AAC9-377A16BB5C76}.Debug|Any CPU.ActiveCfg = Debug|Any CPU
		{59AF769E-FAB8-4C78-AAC9-377A16BB5C76}.Debug|Any CPU.Build.0 = Debug|Any CPU
		{59AF769E-FAB8-4C78-AAC9-377A16BB5C76}.Release|Any CPU.ActiveCfg = Release|Any CPU
		{59AF769E-FAB8-4C78-AAC9-377A16BB5C76}.Release|Any CPU.Build.0 = Release|Any CPU
		{D0676DCE-EBAC-4CAE-B312-A06EB17F7205}.Debug|Any CPU.ActiveCfg = Debug|Any CPU
		{D0676DCE-EBAC-4CAE-B312-A06EB17F7205}.Debug|Any CPU.Build.0 = Debug|Any CPU
		{D0676DCE-EBAC-4CAE-B312-A06EB17F7205}.Release|Any CPU.ActiveCfg = Release|Any CPU
		{D0676DCE-EBAC-4CAE-B312-A06EB17F7205}.Release|Any CPU.Build.0 = Release|Any CPU
		{CD4788BC-85DD-4A4C-A1ED-64256F6FEB1C}.Debug|Any CPU.ActiveCfg = Debug|Any CPU
		{CD4788BC-85DD-4A4C-A1ED-64256F6FEB1C}.Debug|Any CPU.Build.0 = Debug|Any CPU
		{CD4788BC-85DD-4A4C-A1ED-64256F6FEB1C}.Release|Any CPU.ActiveCfg = Release|Any CPU
		{CD4788BC-85DD-4A4C-A1ED-64256F6FEB1C}.Release|Any CPU.Build.0 = Release|Any CPU
		{66B109BA-44BC-4FC3-9026-46902B61D3A4}.Debug|Any CPU.ActiveCfg = Debug|Any CPU
		{66B109BA-44BC-4FC3-9026-46902B61D3A4}.Debug|Any CPU.Build.0 = Debug|Any CPU
		{66B109BA-44BC-4FC3-9026-46902B61D3A4}.Release|Any CPU.ActiveCfg = Release|Any CPU
		{66B109BA-44BC-4FC3-9026-46902B61D3A4}.Release|Any CPU.Build.0 = Release|Any CPU
		{38F4F20F-3C7D-4CB8-B627-E1C5D7EFA5BE}.Debug|Any CPU.ActiveCfg = Debug|Any CPU
		{38F4F20F-3C7D-4CB8-B627-E1C5D7EFA5BE}.Debug|Any CPU.Build.0 = Debug|Any CPU
		{38F4F20F-3C7D-4CB8-B627-E1C5D7EFA5BE}.Release|Any CPU.ActiveCfg = Release|Any CPU
		{38F4F20F-3C7D-4CB8-B627-E1C5D7EFA5BE}.Release|Any CPU.Build.0 = Release|Any CPU
		{4260AF26-886C-4C29-8BF3-34BD07256D9D}.Debug|Any CPU.ActiveCfg = Debug|Any CPU
		{4260AF26-886C-4C29-8BF3-34BD07256D9D}.Debug|Any CPU.Build.0 = Debug|Any CPU
		{4260AF26-886C-4C29-8BF3-34BD07256D9D}.Release|Any CPU.ActiveCfg = Release|Any CPU
		{4260AF26-886C-4C29-8BF3-34BD07256D9D}.Release|Any CPU.Build.0 = Release|Any CPU
		{E64626DD-225E-4C9A-A17B-33D9EC10159C}.Debug|Any CPU.ActiveCfg = Debug|Any CPU
		{E64626DD-225E-4C9A-A17B-33D9EC10159C}.Debug|Any CPU.Build.0 = Debug|Any CPU
		{E64626DD-225E-4C9A-A17B-33D9EC10159C}.Release|Any CPU.ActiveCfg = Release|Any CPU
		{E64626DD-225E-4C9A-A17B-33D9EC10159C}.Release|Any CPU.Build.0 = Release|Any CPU
		{3BA09C9F-80F3-40E9-841D-2FE36E70DE88}.Debug|Any CPU.ActiveCfg = Debug|Any CPU
		{3BA09C9F-80F3-40E9-841D-2FE36E70DE88}.Debug|Any CPU.Build.0 = Debug|Any CPU
		{3BA09C9F-80F3-40E9-841D-2FE36E70DE88}.Release|Any CPU.ActiveCfg = Release|Any CPU
		{3BA09C9F-80F3-40E9-841D-2FE36E70DE88}.Release|Any CPU.Build.0 = Release|Any CPU
		{F052D1A2-25B0-4117-9FB2-3CEABAA72CAF}.Debug|Any CPU.ActiveCfg = Debug|Any CPU
		{F052D1A2-25B0-4117-9FB2-3CEABAA72CAF}.Debug|Any CPU.Build.0 = Debug|Any CPU
		{F052D1A2-25B0-4117-9FB2-3CEABAA72CAF}.Release|Any CPU.ActiveCfg = Release|Any CPU
		{F052D1A2-25B0-4117-9FB2-3CEABAA72CAF}.Release|Any CPU.Build.0 = Release|Any CPU
		{292A1B5C-6E59-4E30-97B3-1F9E91D90AF9}.Debug|Any CPU.ActiveCfg = Debug|Any CPU
		{292A1B5C-6E59-4E30-97B3-1F9E91D90AF9}.Debug|Any CPU.Build.0 = Debug|Any CPU
		{292A1B5C-6E59-4E30-97B3-1F9E91D90AF9}.Release|Any CPU.ActiveCfg = Release|Any CPU
		{292A1B5C-6E59-4E30-97B3-1F9E91D90AF9}.Release|Any CPU.Build.0 = Release|Any CPU
		{56488752-B758-40BA-B3B1-46E114E2E5AE}.Debug|Any CPU.ActiveCfg = Debug|Any CPU
		{56488752-B758-40BA-B3B1-46E114E2E5AE}.Debug|Any CPU.Build.0 = Debug|Any CPU
		{56488752-B758-40BA-B3B1-46E114E2E5AE}.Release|Any CPU.ActiveCfg = Release|Any CPU
		{56488752-B758-40BA-B3B1-46E114E2E5AE}.Release|Any CPU.Build.0 = Release|Any CPU
		{FC9F9863-A856-42F3-B340-2C5DFFF30BA7}.Debug|Any CPU.ActiveCfg = Debug|Any CPU
		{FC9F9863-A856-42F3-B340-2C5DFFF30BA7}.Debug|Any CPU.Build.0 = Debug|Any CPU
		{FC9F9863-A856-42F3-B340-2C5DFFF30BA7}.Release|Any CPU.ActiveCfg = Release|Any CPU
		{FC9F9863-A856-42F3-B340-2C5DFFF30BA7}.Release|Any CPU.Build.0 = Release|Any CPU
		{FA9D91B4-9C4E-4A66-8FE4-24288D9797FF}.Debug|Any CPU.ActiveCfg = Debug|Any CPU
		{FA9D91B4-9C4E-4A66-8FE4-24288D9797FF}.Debug|Any CPU.Build.0 = Debug|Any CPU
		{FA9D91B4-9C4E-4A66-8FE4-24288D9797FF}.Release|Any CPU.ActiveCfg = Release|Any CPU
		{FA9D91B4-9C4E-4A66-8FE4-24288D9797FF}.Release|Any CPU.Build.0 = Release|Any CPU
		{BB6E00BB-54A1-45FD-AED3-BE39EE8EC2AC}.Debug|Any CPU.ActiveCfg = Debug|Any CPU
		{BB6E00BB-54A1-45FD-AED3-BE39EE8EC2AC}.Debug|Any CPU.Build.0 = Debug|Any CPU
		{BB6E00BB-54A1-45FD-AED3-BE39EE8EC2AC}.Release|Any CPU.ActiveCfg = Release|Any CPU
		{BB6E00BB-54A1-45FD-AED3-BE39EE8EC2AC}.Release|Any CPU.Build.0 = Release|Any CPU
		{3F776648-EE5F-406F-B64D-D9B0A535CD65}.Debug|Any CPU.ActiveCfg = Debug|Any CPU
		{3F776648-EE5F-406F-B64D-D9B0A535CD65}.Debug|Any CPU.Build.0 = Debug|Any CPU
		{3F776648-EE5F-406F-B64D-D9B0A535CD65}.Release|Any CPU.ActiveCfg = Release|Any CPU
		{3F776648-EE5F-406F-B64D-D9B0A535CD65}.Release|Any CPU.Build.0 = Release|Any CPU
		{127DA3C0-85D3-4E90-887D-EF68B4D3F9B3}.Debug|Any CPU.ActiveCfg = Debug|Any CPU
		{127DA3C0-85D3-4E90-887D-EF68B4D3F9B3}.Debug|Any CPU.Build.0 = Debug|Any CPU
		{127DA3C0-85D3-4E90-887D-EF68B4D3F9B3}.Release|Any CPU.ActiveCfg = Release|Any CPU
		{127DA3C0-85D3-4E90-887D-EF68B4D3F9B3}.Release|Any CPU.Build.0 = Release|Any CPU
		{7EC6842E-4D85-40B7-A9D7-3564624DD3C3}.Debug|Any CPU.ActiveCfg = Debug|Any CPU
		{7EC6842E-4D85-40B7-A9D7-3564624DD3C3}.Debug|Any CPU.Build.0 = Debug|Any CPU
		{7EC6842E-4D85-40B7-A9D7-3564624DD3C3}.Release|Any CPU.ActiveCfg = Release|Any CPU
		{7EC6842E-4D85-40B7-A9D7-3564624DD3C3}.Release|Any CPU.Build.0 = Release|Any CPU
		{2A8A8DC1-803F-479E-97D7-DAFE361D975F}.Debug|Any CPU.ActiveCfg = Debug|Any CPU
		{2A8A8DC1-803F-479E-97D7-DAFE361D975F}.Debug|Any CPU.Build.0 = Debug|Any CPU
		{2A8A8DC1-803F-479E-97D7-DAFE361D975F}.Release|Any CPU.ActiveCfg = Release|Any CPU
		{2A8A8DC1-803F-479E-97D7-DAFE361D975F}.Release|Any CPU.Build.0 = Release|Any CPU
		{00728CFA-B9BC-4A65-A17D-5CE1F5883BFC}.Debug|Any CPU.ActiveCfg = Debug|Any CPU
		{00728CFA-B9BC-4A65-A17D-5CE1F5883BFC}.Debug|Any CPU.Build.0 = Debug|Any CPU
		{00728CFA-B9BC-4A65-A17D-5CE1F5883BFC}.Release|Any CPU.ActiveCfg = Release|Any CPU
		{00728CFA-B9BC-4A65-A17D-5CE1F5883BFC}.Release|Any CPU.Build.0 = Release|Any CPU
		{FC333896-BDB2-4D8B-9146-81788B886C8F}.Debug|Any CPU.ActiveCfg = Debug|Any CPU
		{FC333896-BDB2-4D8B-9146-81788B886C8F}.Debug|Any CPU.Build.0 = Debug|Any CPU
		{FC333896-BDB2-4D8B-9146-81788B886C8F}.Release|Any CPU.ActiveCfg = Release|Any CPU
		{FC333896-BDB2-4D8B-9146-81788B886C8F}.Release|Any CPU.Build.0 = Release|Any CPU
		{4483A100-90DF-4A31-A605-DC3AFEAC8274}.Debug|Any CPU.ActiveCfg = Debug|Any CPU
		{4483A100-90DF-4A31-A605-DC3AFEAC8274}.Debug|Any CPU.Build.0 = Debug|Any CPU
		{4483A100-90DF-4A31-A605-DC3AFEAC8274}.Release|Any CPU.ActiveCfg = Release|Any CPU
		{4483A100-90DF-4A31-A605-DC3AFEAC8274}.Release|Any CPU.Build.0 = Release|Any CPU
		{59854803-02F7-4FCB-8556-2D18FAE74D73}.Debug|Any CPU.ActiveCfg = Debug|Any CPU
		{59854803-02F7-4FCB-8556-2D18FAE74D73}.Debug|Any CPU.Build.0 = Debug|Any CPU
		{59854803-02F7-4FCB-8556-2D18FAE74D73}.Release|Any CPU.ActiveCfg = Release|Any CPU
		{59854803-02F7-4FCB-8556-2D18FAE74D73}.Release|Any CPU.Build.0 = Release|Any CPU
		{6580DAD1-2930-41B5-BE27-3BF33C4727C9}.Debug|Any CPU.ActiveCfg = Debug|Any CPU
		{6580DAD1-2930-41B5-BE27-3BF33C4727C9}.Debug|Any CPU.Build.0 = Debug|Any CPU
		{6580DAD1-2930-41B5-BE27-3BF33C4727C9}.Release|Any CPU.ActiveCfg = Release|Any CPU
		{6580DAD1-2930-41B5-BE27-3BF33C4727C9}.Release|Any CPU.Build.0 = Release|Any CPU
		{E523C15F-E65D-4CBD-B166-F10C7D44F142}.Debug|Any CPU.ActiveCfg = Debug|Any CPU
		{E523C15F-E65D-4CBD-B166-F10C7D44F142}.Debug|Any CPU.Build.0 = Debug|Any CPU
		{E523C15F-E65D-4CBD-B166-F10C7D44F142}.Release|Any CPU.ActiveCfg = Release|Any CPU
		{E523C15F-E65D-4CBD-B166-F10C7D44F142}.Release|Any CPU.Build.0 = Release|Any CPU
		{69BF7B96-23C0-4E82-A476-57431621094C}.Debug|Any CPU.ActiveCfg = Debug|Any CPU
		{69BF7B96-23C0-4E82-A476-57431621094C}.Debug|Any CPU.Build.0 = Debug|Any CPU
		{69BF7B96-23C0-4E82-A476-57431621094C}.Release|Any CPU.ActiveCfg = Release|Any CPU
		{69BF7B96-23C0-4E82-A476-57431621094C}.Release|Any CPU.Build.0 = Release|Any CPU
		{7DE2B7AB-5EE6-40CD-A8E2-84DEE72402EC}.Debug|Any CPU.ActiveCfg = Debug|Any CPU
		{7DE2B7AB-5EE6-40CD-A8E2-84DEE72402EC}.Debug|Any CPU.Build.0 = Debug|Any CPU
		{7DE2B7AB-5EE6-40CD-A8E2-84DEE72402EC}.Release|Any CPU.ActiveCfg = Release|Any CPU
		{7DE2B7AB-5EE6-40CD-A8E2-84DEE72402EC}.Release|Any CPU.Build.0 = Release|Any CPU
		{2B27F9C5-9E0B-4331-B06B-834A9CFD6396}.Debug|Any CPU.ActiveCfg = Debug|Any CPU
		{2B27F9C5-9E0B-4331-B06B-834A9CFD6396}.Debug|Any CPU.Build.0 = Debug|Any CPU
		{2B27F9C5-9E0B-4331-B06B-834A9CFD6396}.Release|Any CPU.ActiveCfg = Release|Any CPU
		{2B27F9C5-9E0B-4331-B06B-834A9CFD6396}.Release|Any CPU.Build.0 = Release|Any CPU
		{13275C0F-AD39-440A-9265-913035C45AE9}.Debug|Any CPU.ActiveCfg = Debug|Any CPU
		{13275C0F-AD39-440A-9265-913035C45AE9}.Debug|Any CPU.Build.0 = Debug|Any CPU
		{13275C0F-AD39-440A-9265-913035C45AE9}.Release|Any CPU.ActiveCfg = Release|Any CPU
		{13275C0F-AD39-440A-9265-913035C45AE9}.Release|Any CPU.Build.0 = Release|Any CPU
		{45952617-DB39-46B0-B690-E65DFBDF6C88}.Debug|Any CPU.ActiveCfg = Debug|Any CPU
		{45952617-DB39-46B0-B690-E65DFBDF6C88}.Debug|Any CPU.Build.0 = Debug|Any CPU
		{45952617-DB39-46B0-B690-E65DFBDF6C88}.Release|Any CPU.ActiveCfg = Release|Any CPU
		{45952617-DB39-46B0-B690-E65DFBDF6C88}.Release|Any CPU.Build.0 = Release|Any CPU
		{A2B94E71-5271-4951-B034-BC7B50C0258B}.Debug|Any CPU.ActiveCfg = Debug|Any CPU
		{A2B94E71-5271-4951-B034-BC7B50C0258B}.Debug|Any CPU.Build.0 = Debug|Any CPU
		{A2B94E71-5271-4951-B034-BC7B50C0258B}.Release|Any CPU.ActiveCfg = Release|Any CPU
		{A2B94E71-5271-4951-B034-BC7B50C0258B}.Release|Any CPU.Build.0 = Release|Any CPU
		{53EA3471-703D-4051-BD8F-17604861C9A9}.Debug|Any CPU.ActiveCfg = Debug|Any CPU
		{53EA3471-703D-4051-BD8F-17604861C9A9}.Debug|Any CPU.Build.0 = Debug|Any CPU
		{53EA3471-703D-4051-BD8F-17604861C9A9}.Release|Any CPU.ActiveCfg = Release|Any CPU
		{53EA3471-703D-4051-BD8F-17604861C9A9}.Release|Any CPU.Build.0 = Release|Any CPU
		{61FB2F97-5818-49C3-B12A-660B4B97D0E1}.Debug|Any CPU.ActiveCfg = Debug|Any CPU
		{61FB2F97-5818-49C3-B12A-660B4B97D0E1}.Debug|Any CPU.Build.0 = Debug|Any CPU
		{61FB2F97-5818-49C3-B12A-660B4B97D0E1}.Release|Any CPU.ActiveCfg = Release|Any CPU
		{61FB2F97-5818-49C3-B12A-660B4B97D0E1}.Release|Any CPU.Build.0 = Release|Any CPU
		{84994B13-452D-436A-8530-91928417683B}.Debug|Any CPU.ActiveCfg = Debug|Any CPU
		{84994B13-452D-436A-8530-91928417683B}.Debug|Any CPU.Build.0 = Debug|Any CPU
		{84994B13-452D-436A-8530-91928417683B}.Release|Any CPU.ActiveCfg = Release|Any CPU
		{84994B13-452D-436A-8530-91928417683B}.Release|Any CPU.Build.0 = Release|Any CPU
		{FEF56BB8-6676-4C60-AEAF-666EED8CE258}.Debug|Any CPU.ActiveCfg = Debug|Any CPU
		{FEF56BB8-6676-4C60-AEAF-666EED8CE258}.Debug|Any CPU.Build.0 = Debug|Any CPU
		{FEF56BB8-6676-4C60-AEAF-666EED8CE258}.Release|Any CPU.ActiveCfg = Release|Any CPU
		{FEF56BB8-6676-4C60-AEAF-666EED8CE258}.Release|Any CPU.Build.0 = Release|Any CPU
		{6C3D1833-1EB0-48F0-9523-10689706BF6D}.Debug|Any CPU.ActiveCfg = Debug|Any CPU
		{6C3D1833-1EB0-48F0-9523-10689706BF6D}.Debug|Any CPU.Build.0 = Debug|Any CPU
		{6C3D1833-1EB0-48F0-9523-10689706BF6D}.Release|Any CPU.ActiveCfg = Release|Any CPU
		{6C3D1833-1EB0-48F0-9523-10689706BF6D}.Release|Any CPU.Build.0 = Release|Any CPU
		{9FBC8AE2-6D05-4ABE-AFA1-A5A40DEDF2AF}.Debug|Any CPU.ActiveCfg = Debug|Any CPU
		{9FBC8AE2-6D05-4ABE-AFA1-A5A40DEDF2AF}.Debug|Any CPU.Build.0 = Debug|Any CPU
		{9FBC8AE2-6D05-4ABE-AFA1-A5A40DEDF2AF}.Release|Any CPU.ActiveCfg = Release|Any CPU
		{9FBC8AE2-6D05-4ABE-AFA1-A5A40DEDF2AF}.Release|Any CPU.Build.0 = Release|Any CPU
		{96F35DE4-D740-416D-A02E-26D3011D84AD}.Debug|Any CPU.ActiveCfg = Debug|Any CPU
		{96F35DE4-D740-416D-A02E-26D3011D84AD}.Debug|Any CPU.Build.0 = Debug|Any CPU
		{96F35DE4-D740-416D-A02E-26D3011D84AD}.Release|Any CPU.ActiveCfg = Release|Any CPU
		{96F35DE4-D740-416D-A02E-26D3011D84AD}.Release|Any CPU.Build.0 = Release|Any CPU
		{70BC14FA-88AB-40CB-BA5E-F5D395252457}.Debug|Any CPU.ActiveCfg = Debug|Any CPU
		{70BC14FA-88AB-40CB-BA5E-F5D395252457}.Debug|Any CPU.Build.0 = Debug|Any CPU
		{70BC14FA-88AB-40CB-BA5E-F5D395252457}.Release|Any CPU.ActiveCfg = Release|Any CPU
		{70BC14FA-88AB-40CB-BA5E-F5D395252457}.Release|Any CPU.Build.0 = Release|Any CPU
	EndGlobalSection
	GlobalSection(SolutionProperties) = preSolution
		HideSolutionNode = FALSE
	EndGlobalSection
	GlobalSection(ExtensibilityGlobals) = postSolution
		SolutionGuid = {3A09873A-8362-44E6-A222-E4042B4FFAA1}
	EndGlobalSection
EndGlobal
